
Microsoft Visual Studio Solution File, Format Version 12.00
# Visual Studio Version 17
VisualStudioVersion = 17.4.33205.214
MinimumVisualStudioVersion = 10.0.40219.1
Project("{9A19103F-16F7-4668-BE54-9A1E7A4F7556}") = "APPHiFin.Server", "APPHiFin\Server\APPHiFin.Server.csproj", "{4A79C5D0-14F2-4C4C-AA22-5852CCB831DF}"
EndProject
Project("{9A19103F-16F7-4668-BE54-9A1E7A4F7556}") = "APPHiFin.Client", "APPHiFin\Client\APPHiFin.Client.csproj", "{209B01DC-4DD7-4F51-836B-B36BB88FB67F}"
EndProject
Project("{9A19103F-16F7-4668-BE54-9A1E7A4F7556}") = "APPHiFin.Shared", "APPHiFin\Shared\APPHiFin.Shared.csproj", "{9C0A1040-D616-4EA1-9CE7-02D994F94C7A}"
EndProject
Project("{9A19103F-16F7-4668-BE54-9A1E7A4F7556}") = "APPHiFin.Repositories", "APPHiFin.Repositories\APPHiFin.Repositories.csproj", "{AB842480-DEB4-4D5D-B755-3BB4400D63A0}"
EndProject
Global
	GlobalSection(SolutionConfigurationPlatforms) = preSolution
		Debug|Any CPU = Debug|Any CPU
		Release|Any CPU = Release|Any CPU
	EndGlobalSection
	GlobalSection(ProjectConfigurationPlatforms) = postSolution
		{4A79C5D0-14F2-4C4C-AA22-5852CCB831DF}.Debug|Any CPU.ActiveCfg = Debug|Any CPU
		{4A79C5D0-14F2-4C4C-AA22-5852CCB831DF}.Debug|Any CPU.Build.0 = Debug|Any CPU
		{4A79C5D0-14F2-4C4C-AA22-5852CCB831DF}.Release|Any CPU.ActiveCfg = Release|Any CPU
		{4A79C5D0-14F2-4C4C-AA22-5852CCB831DF}.Release|Any CPU.Build.0 = Release|Any CPU
		{209B01DC-4DD7-4F51-836B-B36BB88FB67F}.Debug|Any CPU.ActiveCfg = Debug|Any CPU
		{209B01DC-4DD7-4F51-836B-B36BB88FB67F}.Debug|Any CPU.Build.0 = Debug|Any CPU
		{209B01DC-4DD7-4F51-836B-B36BB88FB67F}.Release|Any CPU.ActiveCfg = Release|Any CPU
		{209B01DC-4DD7-4F51-836B-B36BB88FB67F}.Release|Any CPU.Build.0 = Release|Any CPU
		{9C0A1040-D616-4EA1-9CE7-02D994F94C7A}.Debug|Any CPU.ActiveCfg = Debug|Any CPU
		{9C0A1040-D616-4EA1-9CE7-02D994F94C7A}.Debug|Any CPU.Build.0 = Debug|Any CPU
		{9C0A1040-D616-4EA1-9CE7-02D994F94C7A}.Release|Any CPU.ActiveCfg = Release|Any CPU
		{9C0A1040-D616-4EA1-9CE7-02D994F94C7A}.Release|Any CPU.Build.0 = Release|Any CPU
		{AB842480-DEB4-4D5D-B755-3BB4400D63A0}.Debug|Any CPU.ActiveCfg = Debug|Any CPU
		{AB842480-DEB4-4D5D-B755-3BB4400D63A0}.Debug|Any CPU.Build.0 = Debug|Any CPU
		{AB842480-DEB4-4D5D-B755-3BB4400D63A0}.Release|Any CPU.ActiveCfg = Release|Any CPU
		{AB842480-DEB4-4D5D-B755-3BB4400D63A0}.Release|Any CPU.Build.0 = Release|Any CPU
	EndGlobalSection
	GlobalSection(SolutionProperties) = preSolution
		HideSolutionNode = FALSE
	EndGlobalSection
	GlobalSection(ExtensibilityGlobals) = postSolution
		SolutionGuid = {1B951977-3E13-4374-A62D-B40339988A53}
	EndGlobalSection
EndGlobal
